// !$*UTF8*$!
{
	archiveVersion = 1;
	classes = {
	};
	objectVersion = 46;
	objects = {

/* Begin PBXBuildFile section */
		289B5C071B053ABA00F7CAAB /* main.m in Sources */ = {isa = PBXBuildFile; fileRef = 289B5C061B053ABA00F7CAAB /* main.m */; };
		289B5C0A1B053ABA00F7CAAB /* AppDelegate.m in Sources */ = {isa = PBXBuildFile; fileRef = 289B5C091B053ABA00F7CAAB /* AppDelegate.m */; };
		289B5C0D1B053ABA00F7CAAB /* ViewController.m in Sources */ = {isa = PBXBuildFile; fileRef = 289B5C0C1B053ABA00F7CAAB /* ViewController.m */; };
		289B5C101B053ABA00F7CAAB /* Main.storyboard in Resources */ = {isa = PBXBuildFile; fileRef = 289B5C0E1B053ABA00F7CAAB /* Main.storyboard */; };
		289B5C121B053ABA00F7CAAB /* Images.xcassets in Resources */ = {isa = PBXBuildFile; fileRef = 289B5C111B053ABA00F7CAAB /* Images.xcassets */; };
		289B5C151B053ABA00F7CAAB /* LaunchScreen.xib in Resources */ = {isa = PBXBuildFile; fileRef = 289B5C131B053ABA00F7CAAB /* LaunchScreen.xib */; };
		289B5C211B053ABA00F7CAAB /* AnyWallsTests.m in Sources */ = {isa = PBXBuildFile; fileRef = 289B5C201B053ABA00F7CAAB /* AnyWallsTests.m */; };
/* End PBXBuildFile section */

/* Begin PBXContainerItemProxy section */
		289B5C1B1B053ABA00F7CAAB /* PBXContainerItemProxy */ = {
			isa = PBXContainerItemProxy;
			containerPortal = 289B5BF91B053ABA00F7CAAB /* Project object */;
			proxyType = 1;
			remoteGlobalIDString = 289B5C001B053ABA00F7CAAB;
			remoteInfo = AnyWalls;
		};
/* End PBXContainerItemProxy section */

/* Begin PBXFileReference section */
		289B5C011B053ABA00F7CAAB /* AnyWalls.app */ = {isa = PBXFileReference; explicitFileType = wrapper.application; includeInIndex = 0; path = AnyWalls.app; sourceTree = BUILT_PRODUCTS_DIR; };
		289B5C051B053ABA00F7CAAB /* Info.plist */ = {isa = PBXFileReference; lastKnownFileType = text.plist.xml; path = Info.plist; sourceTree = "<group>"; };
		289B5C061B053ABA00F7CAAB /* main.m */ = {isa = PBXFileReference; lastKnownFileType = sourcecode.c.objc; path = main.m; sourceTree = "<group>"; };
		289B5C081B053ABA00F7CAAB /* AppDelegate.h */ = {isa = PBXFileReference; lastKnownFileType = sourcecode.c.h; path = AppDelegate.h; sourceTree = "<group>"; };
		289B5C091B053ABA00F7CAAB /* AppDelegate.m */ = {isa = PBXFileReference; lastKnownFileType = sourcecode.c.objc; path = AppDelegate.m; sourceTree = "<group>"; };
		289B5C0B1B053ABA00F7CAAB /* ViewController.h */ = {isa = PBXFileReference; lastKnownFileType = sourcecode.c.h; path = ViewController.h; sourceTree = "<group>"; };
		289B5C0C1B053ABA00F7CAAB /* ViewController.m */ = {isa = PBXFileReference; lastKnownFileType = sourcecode.c.objc; path = ViewController.m; sourceTree = "<group>"; };
		289B5C0F1B053ABA00F7CAAB /* Base */ = {isa = PBXFileReference; lastKnownFileType = file.storyboard; name = Base; path = Base.lproj/Main.storyboard; sourceTree = "<group>"; };
		289B5C111B053ABA00F7CAAB /* Images.xcassets */ = {isa = PBXFileReference; lastKnownFileType = folder.assetcatalog; path = Images.xcassets; sourceTree = "<group>"; };
		289B5C141B053ABA00F7CAAB /* Base */ = {isa = PBXFileReference; lastKnownFileType = file.xib; name = Base; path = Base.lproj/LaunchScreen.xib; sourceTree = "<group>"; };
		289B5C1A1B053ABA00F7CAAB /* AnyWallsTests.xctest */ = {isa = PBXFileReference; explicitFileType = wrapper.cfbundle; includeInIndex = 0; path = AnyWallsTests.xctest; sourceTree = BUILT_PRODUCTS_DIR; };
		289B5C1F1B053ABA00F7CAAB /* Info.plist */ = {isa = PBXFileReference; lastKnownFileType = text.plist.xml; path = Info.plist; sourceTree = "<group>"; };
		289B5C201B053ABA00F7CAAB /* AnyWallsTests.m */ = {isa = PBXFileReference; lastKnownFileType = sourcecode.c.objc; path = AnyWallsTests.m; sourceTree = "<group>"; };
/* End PBXFileReference section */

/* Begin PBXFrameworksBuildPhase section */
		289B5BFE1B053ABA00F7CAAB /* Frameworks */ = {
			isa = PBXFrameworksBuildPhase;
			buildActionMask = 2147483647;
			files = (
			);
			runOnlyForDeploymentPostprocessing = 0;
		};
		289B5C171B053ABA00F7CAAB /* Frameworks */ = {
			isa = PBXFrameworksBuildPhase;
			buildActionMask = 2147483647;
			files = (
			);
			runOnlyForDeploymentPostprocessing = 0;
		};
/* End PBXFrameworksBuildPhase section */

/* Begin PBXGroup section */
		289B5BF81B053ABA00F7CAAB = {
			isa = PBXGroup;
			children = (
				289B5C031B053ABA00F7CAAB /* AnyWalls */,
				289B5C1D1B053ABA00F7CAAB /* AnyWallsTests */,
				289B5C021B053ABA00F7CAAB /* Products */,
			);
			sourceTree = "<group>";
		};
		289B5C021B053ABA00F7CAAB /* Products */ = {
			isa = PBXGroup;
			children = (
				289B5C011B053ABA00F7CAAB /* AnyWalls.app */,
				289B5C1A1B053ABA00F7CAAB /* AnyWallsTests.xctest */,
			);
			name = Products;
			sourceTree = "<group>";
		};
		289B5C031B053ABA00F7CAAB /* AnyWalls */ = {
			isa = PBXGroup;
			children = (
				289B5C081B053ABA00F7CAAB /* AppDelegate.h */,
				289B5C091B053ABA00F7CAAB /* AppDelegate.m */,
				289B5C0B1B053ABA00F7CAAB /* ViewController.h */,
				289B5C0C1B053ABA00F7CAAB /* ViewController.m */,
				289B5C0E1B053ABA00F7CAAB /* Main.storyboard */,
				289B5C111B053ABA00F7CAAB /* Images.xcassets */,
				289B5C131B053ABA00F7CAAB /* LaunchScreen.xib */,
				289B5C041B053ABA00F7CAAB /* Supporting Files */,
			);
			path = AnyWalls;
			sourceTree = "<group>";
		};
		289B5C041B053ABA00F7CAAB /* Supporting Files */ = {
			isa = PBXGroup;
			children = (
				289B5C051B053ABA00F7CAAB /* Info.plist */,
				289B5C061B053ABA00F7CAAB /* main.m */,
			);
			name = "Supporting Files";
			sourceTree = "<group>";
		};
		289B5C1D1B053ABA00F7CAAB /* AnyWallsTests */ = {
			isa = PBXGroup;
			children = (
				289B5C201B053ABA00F7CAAB /* AnyWallsTests.m */,
				289B5C1E1B053ABA00F7CAAB /* Supporting Files */,
			);
			path = AnyWallsTests;
			sourceTree = "<group>";
		};
		289B5C1E1B053ABA00F7CAAB /* Supporting Files */ = {
			isa = PBXGroup;
			children = (
				289B5C1F1B053ABA00F7CAAB /* Info.plist */,
			);
			name = "Supporting Files";
			sourceTree = "<group>";
		};
/* End PBXGroup section */

/* Begin PBXNativeTarget section */
		289B5C001B053ABA00F7CAAB /* AnyWalls */ = {
			isa = PBXNativeTarget;
			buildConfigurationList = 289B5C241B053ABA00F7CAAB /* Build configuration list for PBXNativeTarget "AnyWalls" */;
			buildPhases = (
				289B5BFD1B053ABA00F7CAAB /* Sources */,
				289B5BFE1B053ABA00F7CAAB /* Frameworks */,
				289B5BFF1B053ABA00F7CAAB /* Resources */,
			);
			buildRules = (
			);
			dependencies = (
			);
			name = AnyWalls;
			productName = AnyWalls;
			productReference = 289B5C011B053ABA00F7CAAB /* AnyWalls.app */;
			productType = "com.apple.product-type.application";
		};
		289B5C191B053ABA00F7CAAB /* AnyWallsTests */ = {
			isa = PBXNativeTarget;
			buildConfigurationList = 289B5C271B053ABA00F7CAAB /* Build configuration list for PBXNativeTarget "AnyWallsTests" */;
			buildPhases = (
				289B5C161B053ABA00F7CAAB /* Sources */,
				289B5C171B053ABA00F7CAAB /* Frameworks */,
				289B5C181B053ABA00F7CAAB /* Resources */,
			);
			buildRules = (
			);
			dependencies = (
				289B5C1C1B053ABA00F7CAAB /* PBXTargetDependency */,
			);
			name = AnyWallsTests;
			productName = AnyWallsTests;
			productReference = 289B5C1A1B053ABA00F7CAAB /* AnyWallsTests.xctest */;
			productType = "com.apple.product-type.bundle.unit-test";
		};
/* End PBXNativeTarget section */

/* Begin PBXProject section */
		289B5BF91B053ABA00F7CAAB /* Project object */ = {
			isa = PBXProject;
			attributes = {
				LastUpgradeCheck = 0630;
				ORGANIZATIONNAME = "Catherine Reyto";
				TargetAttributes = {
					289B5C001B053ABA00F7CAAB = {
						CreatedOnToolsVersion = 6.3;
					};
					289B5C191B053ABA00F7CAAB = {
						CreatedOnToolsVersion = 6.3;
						TestTargetID = 289B5C001B053ABA00F7CAAB;
					};
				};
			};
			buildConfigurationList = 289B5BFC1B053ABA00F7CAAB /* Build configuration list for PBXProject "AnyWalls" */;
			compatibilityVersion = "Xcode 3.2";
			developmentRegion = English;
			hasScannedForEncodings = 0;
			knownRegions = (
				en,
				Base,
			);
			mainGroup = 289B5BF81B053ABA00F7CAAB;
			productRefGroup = 289B5C021B053ABA00F7CAAB /* Products */;
			projectDirPath = "";
			projectRoot = "";
			targets = (
				289B5C001B053ABA00F7CAAB /* AnyWalls */,
				289B5C191B053ABA00F7CAAB /* AnyWallsTests */,
			);
		};
/* End PBXProject section */

/* Begin PBXResourcesBuildPhase section */
		289B5BFF1B053ABA00F7CAAB /* Resources */ = {
			isa = PBXResourcesBuildPhase;
			buildActionMask = 2147483647;
			files = (
				289B5C101B053ABA00F7CAAB /* Main.storyboard in Resources */,
				289B5C151B053ABA00F7CAAB /* LaunchScreen.xib in Resources */,
				289B5C121B053ABA00F7CAAB /* Images.xcassets in Resources */,
			);
			runOnlyForDeploymentPostprocessing = 0;
		};
		289B5C181B053ABA00F7CAAB /* Resources */ = {
			isa = PBXResourcesBuildPhase;
			buildActionMask = 2147483647;
			files = (
			);
			runOnlyForDeploymentPostprocessing = 0;
		};
/* End PBXResourcesBuildPhase section */

/* Begin PBXSourcesBuildPhase section */
		289B5BFD1B053ABA00F7CAAB /* Sources */ = {
			isa = PBXSourcesBuildPhase;
			buildActionMask = 2147483647;
			files = (
				289B5C0D1B053ABA00F7CAAB /* ViewController.m in Sources */,
				289B5C0A1B053ABA00F7CAAB /* AppDelegate.m in Sources */,
				289B5C071B053ABA00F7CAAB /* main.m in Sources */,
			);
			runOnlyForDeploymentPostprocessing = 0;
		};
		289B5C161B053ABA00F7CAAB /* Sources */ = {
			isa = PBXSourcesBuildPhase;
			buildActionMask = 2147483647;
			files = (
				289B5C211B053ABA00F7CAAB /* AnyWallsTests.m in Sources */,
			);
			runOnlyForDeploymentPostprocessing = 0;
		};
/* End PBXSourcesBuildPhase section */

/* Begin PBXTargetDependency section */
		289B5C1C1B053ABA00F7CAAB /* PBXTargetDependency */ = {
			isa = PBXTargetDependency;
			target = 289B5C001B053ABA00F7CAAB /* AnyWalls */;
			targetProxy = 289B5C1B1B053ABA00F7CAAB /* PBXContainerItemProxy */;
		};
/* End PBXTargetDependency section */

/* Begin PBXVariantGroup section */
		289B5C0E1B053ABA00F7CAAB /* Main.storyboard */ = {
			isa = PBXVariantGroup;
			children = (
				289B5C0F1B053ABA00F7CAAB /* Base */,
			);
			name = Main.storyboard;
			sourceTree = "<group>";
		};
		289B5C131B053ABA00F7CAAB /* LaunchScreen.xib */ = {
			isa = PBXVariantGroup;
			children = (
				289B5C141B053ABA00F7CAAB /* Base */,
			);
			name = LaunchScreen.xib;
			sourceTree = "<group>";
		};
/* End PBXVariantGroup section */

/* Begin XCBuildConfiguration section */
		289B5C221B053ABA00F7CAAB /* Debug */ = {
			isa = XCBuildConfiguration;
			buildSettings = {
				ALWAYS_SEARCH_USER_PATHS = NO;
				CLANG_CXX_LANGUAGE_STANDARD = "gnu++0x";
				CLANG_CXX_LIBRARY = "libc++";
				CLANG_ENABLE_MODULES = YES;
				CLANG_ENABLE_OBJC_ARC = YES;
				CLANG_WARN_BOOL_CONVERSION = YES;
				CLANG_WARN_CONSTANT_CONVERSION = YES;
				CLANG_WARN_DIRECT_OBJC_ISA_USAGE = YES_ERROR;
				CLANG_WARN_EMPTY_BODY = YES;
				CLANG_WARN_ENUM_CONVERSION = YES;
				CLANG_WARN_INT_CONVERSION = YES;
				CLANG_WARN_OBJC_ROOT_CLASS = YES_ERROR;
				CLANG_WARN_UNREACHABLE_CODE = YES;
				CLANG_WARN__DUPLICATE_METHOD_MATCH = YES;
				"CODE_SIGN_IDENTITY[sdk=iphoneos*]" = "iPhone Developer";
				COPY_PHASE_STRIP = NO;
				DEBUG_INFORMATION_FORMAT = "dwarf-with-dsym";
				ENABLE_STRICT_OBJC_MSGSEND = YES;
				GCC_C_LANGUAGE_STANDARD = gnu99;
				GCC_DYNAMIC_NO_PIC = NO;
				GCC_NO_COMMON_BLOCKS = YES;
				GCC_OPTIMIZATION_LEVEL = 0;
				GCC_PREPROCESSOR_DEFINITIONS = (
					"DEBUG=1",
					"$(inherited)",
				);
				GCC_SYMBOLS_PRIVATE_EXTERN = NO;
				GCC_WARN_64_TO_32_BIT_CONVERSION = YES;
				GCC_WARN_ABOUT_RETURN_TYPE = YES_ERROR;
				GCC_WARN_UNDECLARED_SELECTOR = YES;
				GCC_WARN_UNINITIALIZED_AUTOS = YES_AGGRESSIVE;
				GCC_WARN_UNUSED_FUNCTION = YES;
				GCC_WARN_UNUSED_VARIABLE = YES;
				IPHONEOS_DEPLOYMENT_TARGET = 8.3;
				MTL_ENABLE_DEBUG_INFO = YES;
				ONLY_ACTIVE_ARCH = YES;
				SDKROOT = iphoneos;
			};
			name = Debug;
		};
		289B5C231B053ABA00F7CAAB /* Release */ = {
			isa = XCBuildConfiguration;
			buildSettings = {
				ALWAYS_SEARCH_USER_PATHS = NO;
				CLANG_CXX_LANGUAGE_STANDARD = "gnu++0x";
				CLANG_CXX_LIBRARY = "libc++";
				CLANG_ENABLE_MODULES = YES;
				CLANG_ENABLE_OBJC_ARC = YES;
				CLANG_WARN_BOOL_CONVERSION = YES;
				CLANG_WARN_CONSTANT_CONVERSION = YES;
				CLANG_WARN_DIRECT_OBJC_ISA_USAGE = YES_ERROR;
				CLANG_WARN_EMPTY_BODY = YES;
				CLANG_WARN_ENUM_CONVERSION = YES;
				CLANG_WARN_INT_CONVERSION = YES;
				CLANG_WARN_OBJC_ROOT_CLASS = YES_ERROR;
				CLANG_WARN_UNREACHABLE_CODE = YES;
				CLANG_WARN__DUPLICATE_METHOD_MATCH = YES;
				"CODE_SIGN_IDENTITY[sdk=iphoneos*]" = "iPhone Developer";
				COPY_PHASE_STRIP = NO;
				DEBUG_INFORMATION_FORMAT = "dwarf-with-dsym";
				ENABLE_NS_ASSERTIONS = NO;
				ENABLE_STRICT_OBJC_MSGSEND = YES;
				GCC_C_LANGUAGE_STANDARD = gnu99;
				GCC_NO_COMMON_BLOCKS = YES;
				GCC_WARN_64_TO_32_BIT_CONVERSION = YES;
				GCC_WARN_ABOUT_RETURN_TYPE = YES_ERROR;
				GCC_WARN_UNDECLARED_SELECTOR = YES;
				GCC_WARN_UNINITIALIZED_AUTOS = YES_AGGRESSIVE;
				GCC_WARN_UNUSED_FUNCTION = YES;
				GCC_WARN_UNUSED_VARIABLE = YES;
				IPHONEOS_DEPLOYMENT_TARGET = 8.3;
				MTL_ENABLE_DEBUG_INFO = NO;
				SDKROOT = iphoneos;
				VALIDATE_PRODUCT = YES;
			};
			name = Release;
		};
		289B5C251B053ABA00F7CAAB /* Debug */ = {
			isa = XCBuildConfiguration;
			buildSettings = {
				ASSETCATALOG_COMPILER_APPICON_NAME = AppIcon;
				INFOPLIST_FILE = AnyWalls/Info.plist;
				LD_RUNPATH_SEARCH_PATHS = "$(inherited) @executable_path/Frameworks";
				PRODUCT_NAME = "$(TARGET_NAME)";
			};
			name = Debug;
		};
		289B5C261B053ABA00F7CAAB /* Release */ = {
			isa = XCBuildConfiguration;
			buildSettings = {
				ASSETCATALOG_COMPILER_APPICON_NAME = AppIcon;
				INFOPLIST_FILE = AnyWalls/Info.plist;
				LD_RUNPATH_SEARCH_PATHS = "$(inherited) @executable_path/Frameworks";
				PRODUCT_NAME = "$(TARGET_NAME)";
			};
			name = Release;
		};
		289B5C281B053ABA00F7CAAB /* Debug */ = {
			isa = XCBuildConfiguration;
			buildSettings = {
				BUNDLE_LOADER = "$(TEST_HOST)";
				FRAMEWORK_SEARCH_PATHS = (
					"$(SDKROOT)/Developer/Library/Frameworks",
					"$(inherited)",
				);
				GCC_PREPROCESSOR_DEFINITIONS = (
					"DEBUG=1",
					"$(inherited)",
				);
				INFOPLIST_FILE = AnyWallsTests/Info.plist;
				LD_RUNPATH_SEARCH_PATHS = "$(inherited) @executable_path/Frameworks @loader_path/Frameworks";
				PRODUCT_NAME = "$(TARGET_NAME)";
				TEST_HOST = "$(BUILT_PRODUCTS_DIR)/AnyWalls.app/AnyWalls";
			};
			name = Debug;
		};
		289B5C291B053ABA00F7CAAB /* Release */ = {
			isa = XCBuildConfiguration;
			buildSettings = {
				BUNDLE_LOADER = "$(TEST_HOST)";
				FRAMEWORK_SEARCH_PATHS = (
					"$(SDKROOT)/Developer/Library/Frameworks",
					"$(inherited)",
				);
				INFOPLIST_FILE = AnyWallsTests/Info.plist;
				LD_RUNPATH_SEARCH_PATHS = "$(inherited) @executable_path/Frameworks @loader_path/Frameworks";
				PRODUCT_NAME = "$(TARGET_NAME)";
				TEST_HOST = "$(BUILT_PRODUCTS_DIR)/AnyWalls.app/AnyWalls";
			};
			name = Release;
		};
/* End XCBuildConfiguration section */

/* Begin XCConfigurationList section */
		289B5BFC1B053ABA00F7CAAB /* Build configuration list for PBXProject "AnyWalls" */ = {
			isa = XCConfigurationList;
			buildConfigurations = (
				289B5C221B053ABA00F7CAAB /* Debug */,
				289B5C231B053ABA00F7CAAB /* Release */,
			);
			defaultConfigurationIsVisible = 0;
			defaultConfigurationName = Release;
		};
		289B5C241B053ABA00F7CAAB /* Build configuration list for PBXNativeTarget "AnyWalls" */ = {
			isa = XCConfigurationList;
			buildConfigurations = (
				289B5C251B053ABA00F7CAAB /* Debug */,
				289B5C261B053ABA00F7CAAB /* Release */,
			);
			defaultConfigurationIsVisible = 0;
		};
		289B5C271B053ABA00F7CAAB /* Build configuration list for PBXNativeTarget "AnyWallsTests" */ = {
			isa = XCConfigurationList;
			buildConfigurations = (
				289B5C281B053ABA00F7CAAB /* Debug */,
				289B5C291B053ABA00F7CAAB /* Release */,
			);
			defaultConfigurationIsVisible = 0;
		};
/* End XCConfigurationList section */
	};
	rootObject = 289B5BF91B053ABA00F7CAAB /* Project object */;
}
