// !$*UTF8*$!
{
	archiveVersion = 1;
	classes = {
	};
	objectVersion = 46;
	objects = {

/* Begin PBXBuildFile section */
		2800777D1B05825000D79E12 /* CoreLocation.framework in Frameworks */ = {isa = PBXBuildFile; fileRef = 2800777C1B05825000D79E12 /* CoreLocation.framework */; };
		2800777F1B0582B000D79E12 /* CoreGraphics.framework in Frameworks */ = {isa = PBXBuildFile; fileRef = 2800777E1B0582B000D79E12 /* CoreGraphics.framework */; };
		280077811B0582C900D79E12 /* libz.1.1.3.dylib in Frameworks */ = {isa = PBXBuildFile; fileRef = 280077801B0582C900D79E12 /* libz.1.1.3.dylib */; };
		280077831B05830D00D79E12 /* libsqlite3.dylib in Frameworks */ = {isa = PBXBuildFile; fileRef = 280077821B05830D00D79E12 /* libsqlite3.dylib */; };
		280077851B05831A00D79E12 /* MobileCoreServices.framework in Frameworks */ = {isa = PBXBuildFile; fileRef = 280077841B05831A00D79E12 /* MobileCoreServices.framework */; };
		280077871B05832800D79E12 /* QuartzCore.framework in Frameworks */ = {isa = PBXBuildFile; fileRef = 280077861B05832800D79E12 /* QuartzCore.framework */; };
		280077891B05833100D79E12 /* Security.framework in Frameworks */ = {isa = PBXBuildFile; fileRef = 280077881B05833100D79E12 /* Security.framework */; };
		2800778B1B05833900D79E12 /* StoreKit.framework in Frameworks */ = {isa = PBXBuildFile; fileRef = 2800778A1B05833900D79E12 /* StoreKit.framework */; };
		2800778D1B05834400D79E12 /* SystemConfiguration.framework in Frameworks */ = {isa = PBXBuildFile; fileRef = 2800778C1B05834400D79E12 /* SystemConfiguration.framework */; };
		2800778F1B05834D00D79E12 /* AudioToolbox.framework in Frameworks */ = {isa = PBXBuildFile; fileRef = 2800778E1B05834D00D79E12 /* AudioToolbox.framework */; };
		280077911B05835700D79E12 /* CFNetwork.framework in Frameworks */ = {isa = PBXBuildFile; fileRef = 280077901B05835700D79E12 /* CFNetwork.framework */; };
		280077951B05866100D79E12 /* Parse.framework in Frameworks */ = {isa = PBXBuildFile; fileRef = 280077941B05866100D79E12 /* Parse.framework */; };
		280077971B05866D00D79E12 /* Bolts.framework in Frameworks */ = {isa = PBXBuildFile; fileRef = 280077961B05866D00D79E12 /* Bolts.framework */; };
		289B5C071B053ABA00F7CAAB /* main.m in Sources */ = {isa = PBXBuildFile; fileRef = 289B5C061B053ABA00F7CAAB /* main.m */; };
		289B5C0A1B053ABA00F7CAAB /* AppDelegate.m in Sources */ = {isa = PBXBuildFile; fileRef = 289B5C091B053ABA00F7CAAB /* AppDelegate.m */; };
		289B5C0D1B053ABA00F7CAAB /* ViewController.m in Sources */ = {isa = PBXBuildFile; fileRef = 289B5C0C1B053ABA00F7CAAB /* ViewController.m */; };
		289B5C101B053ABA00F7CAAB /* Main.storyboard in Resources */ = {isa = PBXBuildFile; fileRef = 289B5C0E1B053ABA00F7CAAB /* Main.storyboard */; };
		289B5C121B053ABA00F7CAAB /* Images.xcassets in Resources */ = {isa = PBXBuildFile; fileRef = 289B5C111B053ABA00F7CAAB /* Images.xcassets */; };
		289B5C151B053ABA00F7CAAB /* LaunchScreen.xib in Resources */ = {isa = PBXBuildFile; fileRef = 289B5C131B053ABA00F7CAAB /* LaunchScreen.xib */; };
		289B5C211B053ABA00F7CAAB /* AnyWallsTests.m in Sources */ = {isa = PBXBuildFile; fileRef = 289B5C201B053ABA00F7CAAB /* AnyWallsTests.m */; };
		289B5C2D1B053D8500F7CAAB /* LoginViewController.m in Sources */ = {isa = PBXBuildFile; fileRef = 289B5C2C1B053D8500F7CAAB /* LoginViewController.m */; };
		289B5C301B053D9300F7CAAB /* NewUsersViewController.m in Sources */ = {isa = PBXBuildFile; fileRef = 289B5C2F1B053D9300F7CAAB /* NewUsersViewController.m */; };
		289B5C331B053DB200F7CAAB /* WallPostViewController.m in Sources */ = {isa = PBXBuildFile; fileRef = 289B5C321B053DB200F7CAAB /* WallPostViewController.m */; };
		289B5C361B053DBE00F7CAAB /* SettingsViewController.m in Sources */ = {isa = PBXBuildFile; fileRef = 289B5C351B053DBE00F7CAAB /* SettingsViewController.m */; };
		289B5C391B05424700F7CAAB /* MapViewController.m in Sources */ = {isa = PBXBuildFile; fileRef = 289B5C381B05424700F7CAAB /* MapViewController.m */; };
		289B5C3C1B05428C00F7CAAB /* WallPostsTableVC.m in Sources */ = {isa = PBXBuildFile; fileRef = 289B5C3B1B05428C00F7CAAB /* WallPostsTableVC.m */; };
		289B5C3F1B0542FC00F7CAAB /* WallViewController.m in Sources */ = {isa = PBXBuildFile; fileRef = 289B5C3E1B0542FC00F7CAAB /* WallViewController.m */; };
		F52B4C699878B1A8B48856F3 /* libPods-AnyWallsTests.a in Frameworks */ = {isa = PBXBuildFile; fileRef = 8871DC11381AA1D631C3CED0 /* libPods-AnyWallsTests.a */; };
/* End PBXBuildFile section */

/* Begin PBXContainerItemProxy section */
		289B5C1B1B053ABA00F7CAAB /* PBXContainerItemProxy */ = {
			isa = PBXContainerItemProxy;
			containerPortal = 289B5BF91B053ABA00F7CAAB /* Project object */;
			proxyType = 1;
			remoteGlobalIDString = 289B5C001B053ABA00F7CAAB;
			remoteInfo = AnyWalls;
		};
/* End PBXContainerItemProxy section */

/* Begin PBXFileReference section */
		2800777C1B05825000D79E12 /* CoreLocation.framework */ = {isa = PBXFileReference; lastKnownFileType = wrapper.framework; name = CoreLocation.framework; path = System/Library/Frameworks/CoreLocation.framework; sourceTree = SDKROOT; };
		2800777E1B0582B000D79E12 /* CoreGraphics.framework */ = {isa = PBXFileReference; lastKnownFileType = wrapper.framework; name = CoreGraphics.framework; path = System/Library/Frameworks/CoreGraphics.framework; sourceTree = SDKROOT; };
		280077801B0582C900D79E12 /* libz.1.1.3.dylib */ = {isa = PBXFileReference; lastKnownFileType = "compiled.mach-o.dylib"; name = libz.1.1.3.dylib; path = usr/lib/libz.1.1.3.dylib; sourceTree = SDKROOT; };
		280077821B05830D00D79E12 /* libsqlite3.dylib */ = {isa = PBXFileReference; lastKnownFileType = "compiled.mach-o.dylib"; name = libsqlite3.dylib; path = usr/lib/libsqlite3.dylib; sourceTree = SDKROOT; };
		280077841B05831A00D79E12 /* MobileCoreServices.framework */ = {isa = PBXFileReference; lastKnownFileType = wrapper.framework; name = MobileCoreServices.framework; path = System/Library/Frameworks/MobileCoreServices.framework; sourceTree = SDKROOT; };
		280077861B05832800D79E12 /* QuartzCore.framework */ = {isa = PBXFileReference; lastKnownFileType = wrapper.framework; name = QuartzCore.framework; path = System/Library/Frameworks/QuartzCore.framework; sourceTree = SDKROOT; };
		280077881B05833100D79E12 /* Security.framework */ = {isa = PBXFileReference; lastKnownFileType = wrapper.framework; name = Security.framework; path = System/Library/Frameworks/Security.framework; sourceTree = SDKROOT; };
		2800778A1B05833900D79E12 /* StoreKit.framework */ = {isa = PBXFileReference; lastKnownFileType = wrapper.framework; name = StoreKit.framework; path = System/Library/Frameworks/StoreKit.framework; sourceTree = SDKROOT; };
		2800778C1B05834400D79E12 /* SystemConfiguration.framework */ = {isa = PBXFileReference; lastKnownFileType = wrapper.framework; name = SystemConfiguration.framework; path = System/Library/Frameworks/SystemConfiguration.framework; sourceTree = SDKROOT; };
		2800778E1B05834D00D79E12 /* AudioToolbox.framework */ = {isa = PBXFileReference; lastKnownFileType = wrapper.framework; name = AudioToolbox.framework; path = System/Library/Frameworks/AudioToolbox.framework; sourceTree = SDKROOT; };
		280077901B05835700D79E12 /* CFNetwork.framework */ = {isa = PBXFileReference; lastKnownFileType = wrapper.framework; name = CFNetwork.framework; path = System/Library/Frameworks/CFNetwork.framework; sourceTree = SDKROOT; };
		280077941B05866100D79E12 /* Parse.framework */ = {isa = PBXFileReference; lastKnownFileType = wrapper.framework; name = Parse.framework; path = "Pods/parse-library-1/Parse.framework"; sourceTree = "<group>"; };
		280077961B05866D00D79E12 /* Bolts.framework */ = {isa = PBXFileReference; lastKnownFileType = wrapper.framework; name = Bolts.framework; path = "Pods/parse-library-1/Bolts.framework"; sourceTree = "<group>"; };
		289B5C011B053ABA00F7CAAB /* AnyWalls.app */ = {isa = PBXFileReference; explicitFileType = wrapper.application; includeInIndex = 0; path = AnyWalls.app; sourceTree = BUILT_PRODUCTS_DIR; };
		289B5C051B053ABA00F7CAAB /* Info.plist */ = {isa = PBXFileReference; lastKnownFileType = text.plist.xml; path = Info.plist; sourceTree = "<group>"; };
		289B5C061B053ABA00F7CAAB /* main.m */ = {isa = PBXFileReference; lastKnownFileType = sourcecode.c.objc; path = main.m; sourceTree = "<group>"; };
		289B5C081B053ABA00F7CAAB /* AppDelegate.h */ = {isa = PBXFileReference; lastKnownFileType = sourcecode.c.h; path = AppDelegate.h; sourceTree = "<group>"; };
		289B5C091B053ABA00F7CAAB /* AppDelegate.m */ = {isa = PBXFileReference; lastKnownFileType = sourcecode.c.objc; path = AppDelegate.m; sourceTree = "<group>"; };
		289B5C0B1B053ABA00F7CAAB /* ViewController.h */ = {isa = PBXFileReference; lastKnownFileType = sourcecode.c.h; path = ViewController.h; sourceTree = "<group>"; };
		289B5C0C1B053ABA00F7CAAB /* ViewController.m */ = {isa = PBXFileReference; lastKnownFileType = sourcecode.c.objc; path = ViewController.m; sourceTree = "<group>"; };
		289B5C0F1B053ABA00F7CAAB /* Base */ = {isa = PBXFileReference; lastKnownFileType = file.storyboard; name = Base; path = Base.lproj/Main.storyboard; sourceTree = "<group>"; };
		289B5C111B053ABA00F7CAAB /* Images.xcassets */ = {isa = PBXFileReference; lastKnownFileType = folder.assetcatalog; path = Images.xcassets; sourceTree = "<group>"; };
		289B5C141B053ABA00F7CAAB /* Base */ = {isa = PBXFileReference; lastKnownFileType = file.xib; name = Base; path = Base.lproj/LaunchScreen.xib; sourceTree = "<group>"; };
		289B5C1A1B053ABA00F7CAAB /* AnyWallsTests.xctest */ = {isa = PBXFileReference; explicitFileType = wrapper.cfbundle; includeInIndex = 0; path = AnyWallsTests.xctest; sourceTree = BUILT_PRODUCTS_DIR; };
		289B5C1F1B053ABA00F7CAAB /* Info.plist */ = {isa = PBXFileReference; lastKnownFileType = text.plist.xml; path = Info.plist; sourceTree = "<group>"; };
		289B5C201B053ABA00F7CAAB /* AnyWallsTests.m */ = {isa = PBXFileReference; lastKnownFileType = sourcecode.c.objc; path = AnyWallsTests.m; sourceTree = "<group>"; };
		289B5C2B1B053D8500F7CAAB /* LoginViewController.h */ = {isa = PBXFileReference; fileEncoding = 4; lastKnownFileType = sourcecode.c.h; path = LoginViewController.h; sourceTree = "<group>"; };
		289B5C2C1B053D8500F7CAAB /* LoginViewController.m */ = {isa = PBXFileReference; fileEncoding = 4; lastKnownFileType = sourcecode.c.objc; path = LoginViewController.m; sourceTree = "<group>"; };
		289B5C2E1B053D9300F7CAAB /* NewUsersViewController.h */ = {isa = PBXFileReference; fileEncoding = 4; lastKnownFileType = sourcecode.c.h; path = NewUsersViewController.h; sourceTree = "<group>"; };
		289B5C2F1B053D9300F7CAAB /* NewUsersViewController.m */ = {isa = PBXFileReference; fileEncoding = 4; lastKnownFileType = sourcecode.c.objc; path = NewUsersViewController.m; sourceTree = "<group>"; };
		289B5C311B053DB200F7CAAB /* WallPostViewController.h */ = {isa = PBXFileReference; fileEncoding = 4; lastKnownFileType = sourcecode.c.h; path = WallPostViewController.h; sourceTree = "<group>"; };
		289B5C321B053DB200F7CAAB /* WallPostViewController.m */ = {isa = PBXFileReference; fileEncoding = 4; lastKnownFileType = sourcecode.c.objc; path = WallPostViewController.m; sourceTree = "<group>"; };
		289B5C341B053DBE00F7CAAB /* SettingsViewController.h */ = {isa = PBXFileReference; fileEncoding = 4; lastKnownFileType = sourcecode.c.h; path = SettingsViewController.h; sourceTree = "<group>"; };
		289B5C351B053DBE00F7CAAB /* SettingsViewController.m */ = {isa = PBXFileReference; fileEncoding = 4; lastKnownFileType = sourcecode.c.objc; path = SettingsViewController.m; sourceTree = "<group>"; };
		289B5C371B05424700F7CAAB /* MapViewController.h */ = {isa = PBXFileReference; fileEncoding = 4; lastKnownFileType = sourcecode.c.h; path = MapViewController.h; sourceTree = "<group>"; };
		289B5C381B05424700F7CAAB /* MapViewController.m */ = {isa = PBXFileReference; fileEncoding = 4; lastKnownFileType = sourcecode.c.objc; path = MapViewController.m; sourceTree = "<group>"; };
		289B5C3A1B05428C00F7CAAB /* WallPostsTableVC.h */ = {isa = PBXFileReference; fileEncoding = 4; lastKnownFileType = sourcecode.c.h; name = WallPostsTableVC.h; path = ../WallPostsTableVC.h; sourceTree = "<group>"; };
		289B5C3B1B05428C00F7CAAB /* WallPostsTableVC.m */ = {isa = PBXFileReference; fileEncoding = 4; lastKnownFileType = sourcecode.c.objc; name = WallPostsTableVC.m; path = ../WallPostsTableVC.m; sourceTree = "<group>"; };
		289B5C3D1B0542FC00F7CAAB /* WallViewController.h */ = {isa = PBXFileReference; fileEncoding = 4; lastKnownFileType = sourcecode.c.h; path = WallViewController.h; sourceTree = "<group>"; };
		289B5C3E1B0542FC00F7CAAB /* WallViewController.m */ = {isa = PBXFileReference; fileEncoding = 4; lastKnownFileType = sourcecode.c.objc; path = WallViewController.m; sourceTree = "<group>"; };
		8871DC11381AA1D631C3CED0 /* libPods-AnyWallsTests.a */ = {isa = PBXFileReference; explicitFileType = archive.ar; includeInIndex = 0; path = "libPods-AnyWallsTests.a"; sourceTree = BUILT_PRODUCTS_DIR; };
		D634889314E9A1A959D6FB2E /* Pods-AnyWallsTests.debug.xcconfig */ = {isa = PBXFileReference; includeInIndex = 1; lastKnownFileType = text.xcconfig; name = "Pods-AnyWallsTests.debug.xcconfig"; path = "Pods/Target Support Files/Pods-AnyWallsTests/Pods-AnyWallsTests.debug.xcconfig"; sourceTree = "<group>"; };
		EBBDA9A9D02F2F46EE4C3298 /* Pods-AnyWallsTests.release.xcconfig */ = {isa = PBXFileReference; includeInIndex = 1; lastKnownFileType = text.xcconfig; name = "Pods-AnyWallsTests.release.xcconfig"; path = "Pods/Target Support Files/Pods-AnyWallsTests/Pods-AnyWallsTests.release.xcconfig"; sourceTree = "<group>"; };
/* End PBXFileReference section */

/* Begin PBXFrameworksBuildPhase section */
		289B5BFE1B053ABA00F7CAAB /* Frameworks */ = {
			isa = PBXFrameworksBuildPhase;
			buildActionMask = 2147483647;
			files = (
				280077911B05835700D79E12 /* CFNetwork.framework in Frameworks */,
				2800778F1B05834D00D79E12 /* AudioToolbox.framework in Frameworks */,
				2800778D1B05834400D79E12 /* SystemConfiguration.framework in Frameworks */,
				2800778B1B05833900D79E12 /* StoreKit.framework in Frameworks */,
				280077891B05833100D79E12 /* Security.framework in Frameworks */,
				280077871B05832800D79E12 /* QuartzCore.framework in Frameworks */,
				280077851B05831A00D79E12 /* MobileCoreServices.framework in Frameworks */,
				280077971B05866D00D79E12 /* Bolts.framework in Frameworks */,
				280077831B05830D00D79E12 /* libsqlite3.dylib in Frameworks */,
				280077811B0582C900D79E12 /* libz.1.1.3.dylib in Frameworks */,
				2800777F1B0582B000D79E12 /* CoreGraphics.framework in Frameworks */,
				280077951B05866100D79E12 /* Parse.framework in Frameworks */,
				2800777D1B05825000D79E12 /* CoreLocation.framework in Frameworks */,
			);
			runOnlyForDeploymentPostprocessing = 0;
		};
		289B5C171B053ABA00F7CAAB /* Frameworks */ = {
			isa = PBXFrameworksBuildPhase;
			buildActionMask = 2147483647;
			files = (
				F52B4C699878B1A8B48856F3 /* libPods-AnyWallsTests.a in Frameworks */,
			);
			runOnlyForDeploymentPostprocessing = 0;
		};
/* End PBXFrameworksBuildPhase section */

/* Begin PBXGroup section */
		285881961B057AF200762957 /* PostVCs */ = {
			isa = PBXGroup;
			children = (
				289B5C3A1B05428C00F7CAAB /* WallPostsTableVC.h */,
				289B5C3B1B05428C00F7CAAB /* WallPostsTableVC.m */,
				289B5C341B053DBE00F7CAAB /* SettingsViewController.h */,
				289B5C351B053DBE00F7CAAB /* SettingsViewController.m */,
				289B5C311B053DB200F7CAAB /* WallPostViewController.h */,
				289B5C321B053DB200F7CAAB /* WallPostViewController.m */,
				289B5C3D1B0542FC00F7CAAB /* WallViewController.h */,
				289B5C3E1B0542FC00F7CAAB /* WallViewController.m */,
			);
			name = PostVCs;
			sourceTree = "<group>";
		};
		289B5BF81B053ABA00F7CAAB = {
			isa = PBXGroup;
			children = (
				289B5C031B053ABA00F7CAAB /* AnyWalls */,
				289B5C1D1B053ABA00F7CAAB /* AnyWallsTests */,
				289B5C021B053ABA00F7CAAB /* Products */,
				A50748F6EDB618FB9DBA1A46 /* Pods */,
				FA1F4B562AD85FE73F6A6D03 /* Frameworks */,
			);
			sourceTree = "<group>";
		};
		289B5C021B053ABA00F7CAAB /* Products */ = {
			isa = PBXGroup;
			children = (
				289B5C011B053ABA00F7CAAB /* AnyWalls.app */,
				289B5C1A1B053ABA00F7CAAB /* AnyWallsTests.xctest */,
			);
			name = Products;
			sourceTree = "<group>";
		};
		289B5C031B053ABA00F7CAAB /* AnyWalls */ = {
			isa = PBXGroup;
			children = (
				289B5C2A1B053D7200F7CAAB /* Controllers */,
				289B5C081B053ABA00F7CAAB /* AppDelegate.h */,
				289B5C091B053ABA00F7CAAB /* AppDelegate.m */,
				289B5C0B1B053ABA00F7CAAB /* ViewController.h */,
				289B5C0C1B053ABA00F7CAAB /* ViewController.m */,
				289B5C0E1B053ABA00F7CAAB /* Main.storyboard */,
				289B5C111B053ABA00F7CAAB /* Images.xcassets */,
				289B5C131B053ABA00F7CAAB /* LaunchScreen.xib */,
				289B5C041B053ABA00F7CAAB /* Supporting Files */,
			);
			path = AnyWalls;
			sourceTree = "<group>";
		};
		289B5C041B053ABA00F7CAAB /* Supporting Files */ = {
			isa = PBXGroup;
			children = (
				289B5C051B053ABA00F7CAAB /* Info.plist */,
				289B5C061B053ABA00F7CAAB /* main.m */,
			);
			name = "Supporting Files";
			sourceTree = "<group>";
		};
		289B5C1D1B053ABA00F7CAAB /* AnyWallsTests */ = {
			isa = PBXGroup;
			children = (
				289B5C201B053ABA00F7CAAB /* AnyWallsTests.m */,
				289B5C1E1B053ABA00F7CAAB /* Supporting Files */,
			);
			path = AnyWallsTests;
			sourceTree = "<group>";
		};
		289B5C1E1B053ABA00F7CAAB /* Supporting Files */ = {
			isa = PBXGroup;
			children = (
				289B5C1F1B053ABA00F7CAAB /* Info.plist */,
			);
			name = "Supporting Files";
			sourceTree = "<group>";
		};
		289B5C2A1B053D7200F7CAAB /* Controllers */ = {
			isa = PBXGroup;
			children = (
				289B5C2B1B053D8500F7CAAB /* LoginViewController.h */,
				289B5C2C1B053D8500F7CAAB /* LoginViewController.m */,
				289B5C2E1B053D9300F7CAAB /* NewUsersViewController.h */,
				289B5C2F1B053D9300F7CAAB /* NewUsersViewController.m */,
				289B5C371B05424700F7CAAB /* MapViewController.h */,
				289B5C381B05424700F7CAAB /* MapViewController.m */,
				285881961B057AF200762957 /* PostVCs */,
			);
			name = Controllers;
			sourceTree = "<group>";
		};
		A50748F6EDB618FB9DBA1A46 /* Pods */ = {
			isa = PBXGroup;
			children = (
				D634889314E9A1A959D6FB2E /* Pods-AnyWallsTests.debug.xcconfig */,
				EBBDA9A9D02F2F46EE4C3298 /* Pods-AnyWallsTests.release.xcconfig */,
			);
			name = Pods;
			sourceTree = "<group>";
		};
		FA1F4B562AD85FE73F6A6D03 /* Frameworks */ = {
			isa = PBXGroup;
			children = (
				280077961B05866D00D79E12 /* Bolts.framework */,
				280077941B05866100D79E12 /* Parse.framework */,
				280077901B05835700D79E12 /* CFNetwork.framework */,
				2800778E1B05834D00D79E12 /* AudioToolbox.framework */,
				2800778C1B05834400D79E12 /* SystemConfiguration.framework */,
				2800778A1B05833900D79E12 /* StoreKit.framework */,
				280077881B05833100D79E12 /* Security.framework */,
				280077861B05832800D79E12 /* QuartzCore.framework */,
				280077841B05831A00D79E12 /* MobileCoreServices.framework */,
				280077821B05830D00D79E12 /* libsqlite3.dylib */,
				280077801B0582C900D79E12 /* libz.1.1.3.dylib */,
				2800777E1B0582B000D79E12 /* CoreGraphics.framework */,
				2800777C1B05825000D79E12 /* CoreLocation.framework */,
				8871DC11381AA1D631C3CED0 /* libPods-AnyWallsTests.a */,
			);
			name = Frameworks;
			sourceTree = "<group>";
		};
/* End PBXGroup section */

/* Begin PBXNativeTarget section */
		289B5C001B053ABA00F7CAAB /* AnyWalls */ = {
			isa = PBXNativeTarget;
			buildConfigurationList = 289B5C241B053ABA00F7CAAB /* Build configuration list for PBXNativeTarget "AnyWalls" */;
			buildPhases = (
				289B5BFD1B053ABA00F7CAAB /* Sources */,
				289B5BFE1B053ABA00F7CAAB /* Frameworks */,
				289B5BFF1B053ABA00F7CAAB /* Resources */,
			);
			buildRules = (
			);
			dependencies = (
			);
			name = AnyWalls;
			productName = AnyWalls;
			productReference = 289B5C011B053ABA00F7CAAB /* AnyWalls.app */;
			productType = "com.apple.product-type.application";
		};
		289B5C191B053ABA00F7CAAB /* AnyWallsTests */ = {
			isa = PBXNativeTarget;
			buildConfigurationList = 289B5C271B053ABA00F7CAAB /* Build configuration list for PBXNativeTarget "AnyWallsTests" */;
			buildPhases = (
				C99AEDA74B843BC8CD2CF88D /* Check Pods Manifest.lock */,
				289B5C161B053ABA00F7CAAB /* Sources */,
				289B5C171B053ABA00F7CAAB /* Frameworks */,
				289B5C181B053ABA00F7CAAB /* Resources */,
				8778FE8184C79C8B272DDCEA /* Copy Pods Resources */,
			);
			buildRules = (
			);
			dependencies = (
				289B5C1C1B053ABA00F7CAAB /* PBXTargetDependency */,
			);
			name = AnyWallsTests;
			productName = AnyWallsTests;
			productReference = 289B5C1A1B053ABA00F7CAAB /* AnyWallsTests.xctest */;
			productType = "com.apple.product-type.bundle.unit-test";
		};
/* End PBXNativeTarget section */

/* Begin PBXProject section */
		289B5BF91B053ABA00F7CAAB /* Project object */ = {
			isa = PBXProject;
			attributes = {
				LastUpgradeCheck = 0630;
				ORGANIZATIONNAME = "Catherine Reyto";
				TargetAttributes = {
					289B5C001B053ABA00F7CAAB = {
						CreatedOnToolsVersion = 6.3;
					};
					289B5C191B053ABA00F7CAAB = {
						CreatedOnToolsVersion = 6.3;
						TestTargetID = 289B5C001B053ABA00F7CAAB;
					};
				};
			};
			buildConfigurationList = 289B5BFC1B053ABA00F7CAAB /* Build configuration list for PBXProject "AnyWalls" */;
			compatibilityVersion = "Xcode 3.2";
			developmentRegion = English;
			hasScannedForEncodings = 0;
			knownRegions = (
				en,
				Base,
			);
			mainGroup = 289B5BF81B053ABA00F7CAAB;
			productRefGroup = 289B5C021B053ABA00F7CAAB /* Products */;
			projectDirPath = "";
			projectRoot = "";
			targets = (
				289B5C001B053ABA00F7CAAB /* AnyWalls */,
				289B5C191B053ABA00F7CAAB /* AnyWallsTests */,
			);
		};
/* End PBXProject section */

/* Begin PBXResourcesBuildPhase section */
		289B5BFF1B053ABA00F7CAAB /* Resources */ = {
			isa = PBXResourcesBuildPhase;
			buildActionMask = 2147483647;
			files = (
				289B5C101B053ABA00F7CAAB /* Main.storyboard in Resources */,
				289B5C151B053ABA00F7CAAB /* LaunchScreen.xib in Resources */,
				289B5C121B053ABA00F7CAAB /* Images.xcassets in Resources */,
			);
			runOnlyForDeploymentPostprocessing = 0;
		};
		289B5C181B053ABA00F7CAAB /* Resources */ = {
			isa = PBXResourcesBuildPhase;
			buildActionMask = 2147483647;
			files = (
			);
			runOnlyForDeploymentPostprocessing = 0;
		};
/* End PBXResourcesBuildPhase section */

/* Begin PBXShellScriptBuildPhase section */
		8778FE8184C79C8B272DDCEA /* Copy Pods Resources */ = {
			isa = PBXShellScriptBuildPhase;
			buildActionMask = 2147483647;
			files = (
			);
			inputPaths = (
			);
			name = "Copy Pods Resources";
			outputPaths = (
			);
			runOnlyForDeploymentPostprocessing = 0;
			shellPath = /bin/sh;
			shellScript = "\"${SRCROOT}/Pods/Target Support Files/Pods-AnyWallsTests/Pods-AnyWallsTests-resources.sh\"\n";
			showEnvVarsInLog = 0;
		};
		C99AEDA74B843BC8CD2CF88D /* Check Pods Manifest.lock */ = {
			isa = PBXShellScriptBuildPhase;
			buildActionMask = 2147483647;
			files = (
			);
			inputPaths = (
			);
			name = "Check Pods Manifest.lock";
			outputPaths = (
			);
			runOnlyForDeploymentPostprocessing = 0;
			shellPath = /bin/sh;
			shellScript = "diff \"${PODS_ROOT}/../Podfile.lock\" \"${PODS_ROOT}/Manifest.lock\" > /dev/null\nif [[ $? != 0 ]] ; then\n    cat << EOM\nerror: The sandbox is not in sync with the Podfile.lock. Run 'pod install' or update your CocoaPods installation.\nEOM\n    exit 1\nfi\n";
			showEnvVarsInLog = 0;
		};
/* End PBXShellScriptBuildPhase section */

/* Begin PBXSourcesBuildPhase section */
		289B5BFD1B053ABA00F7CAAB /* Sources */ = {
			isa = PBXSourcesBuildPhase;
			buildActionMask = 2147483647;
			files = (
				289B5C301B053D9300F7CAAB /* NewUsersViewController.m in Sources */,
				289B5C3C1B05428C00F7CAAB /* WallPostsTableVC.m in Sources */,
				289B5C2D1B053D8500F7CAAB /* LoginViewController.m in Sources */,
				289B5C0D1B053ABA00F7CAAB /* ViewController.m in Sources */,
				289B5C391B05424700F7CAAB /* MapViewController.m in Sources */,
				289B5C0A1B053ABA00F7CAAB /* AppDelegate.m in Sources */,
				289B5C331B053DB200F7CAAB /* WallPostViewController.m in Sources */,
				289B5C071B053ABA00F7CAAB /* main.m in Sources */,
				289B5C3F1B0542FC00F7CAAB /* WallViewController.m in Sources */,
				289B5C361B053DBE00F7CAAB /* SettingsViewController.m in Sources */,
			);
			runOnlyForDeploymentPostprocessing = 0;
		};
		289B5C161B053ABA00F7CAAB /* Sources */ = {
			isa = PBXSourcesBuildPhase;
			buildActionMask = 2147483647;
			files = (
				289B5C211B053ABA00F7CAAB /* AnyWallsTests.m in Sources */,
			);
			runOnlyForDeploymentPostprocessing = 0;
		};
/* End PBXSourcesBuildPhase section */

/* Begin PBXTargetDependency section */
		289B5C1C1B053ABA00F7CAAB /* PBXTargetDependency */ = {
			isa = PBXTargetDependency;
			target = 289B5C001B053ABA00F7CAAB /* AnyWalls */;
			targetProxy = 289B5C1B1B053ABA00F7CAAB /* PBXContainerItemProxy */;
		};
/* End PBXTargetDependency section */

/* Begin PBXVariantGroup section */
		289B5C0E1B053ABA00F7CAAB /* Main.storyboard */ = {
			isa = PBXVariantGroup;
			children = (
				289B5C0F1B053ABA00F7CAAB /* Base */,
			);
			name = Main.storyboard;
			sourceTree = "<group>";
		};
		289B5C131B053ABA00F7CAAB /* LaunchScreen.xib */ = {
			isa = PBXVariantGroup;
			children = (
				289B5C141B053ABA00F7CAAB /* Base */,
			);
			name = LaunchScreen.xib;
			sourceTree = "<group>";
		};
/* End PBXVariantGroup section */

/* Begin XCBuildConfiguration section */
		289B5C221B053ABA00F7CAAB /* Debug */ = {
			isa = XCBuildConfiguration;
			buildSettings = {
				ALWAYS_SEARCH_USER_PATHS = NO;
				CLANG_CXX_LANGUAGE_STANDARD = "gnu++0x";
				CLANG_CXX_LIBRARY = "libc++";
				CLANG_ENABLE_MODULES = YES;
				CLANG_ENABLE_OBJC_ARC = YES;
				CLANG_WARN_BOOL_CONVERSION = YES;
				CLANG_WARN_CONSTANT_CONVERSION = YES;
				CLANG_WARN_DIRECT_OBJC_ISA_USAGE = YES_ERROR;
				CLANG_WARN_EMPTY_BODY = YES;
				CLANG_WARN_ENUM_CONVERSION = YES;
				CLANG_WARN_INT_CONVERSION = YES;
				CLANG_WARN_OBJC_ROOT_CLASS = YES_ERROR;
				CLANG_WARN_UNREACHABLE_CODE = YES;
				CLANG_WARN__DUPLICATE_METHOD_MATCH = YES;
				"CODE_SIGN_IDENTITY[sdk=iphoneos*]" = "iPhone Developer";
				COPY_PHASE_STRIP = NO;
				DEBUG_INFORMATION_FORMAT = "dwarf-with-dsym";
				ENABLE_STRICT_OBJC_MSGSEND = YES;
				GCC_C_LANGUAGE_STANDARD = gnu99;
				GCC_DYNAMIC_NO_PIC = NO;
				GCC_NO_COMMON_BLOCKS = YES;
				GCC_OPTIMIZATION_LEVEL = 0;
				GCC_PREPROCESSOR_DEFINITIONS = (
					"DEBUG=1",
					"$(inherited)",
				);
				GCC_SYMBOLS_PRIVATE_EXTERN = NO;
				GCC_WARN_64_TO_32_BIT_CONVERSION = YES;
				GCC_WARN_ABOUT_RETURN_TYPE = YES_ERROR;
				GCC_WARN_UNDECLARED_SELECTOR = YES;
				GCC_WARN_UNINITIALIZED_AUTOS = YES_AGGRESSIVE;
				GCC_WARN_UNUSED_FUNCTION = YES;
				GCC_WARN_UNUSED_VARIABLE = YES;
				IPHONEOS_DEPLOYMENT_TARGET = 8.3;
				MTL_ENABLE_DEBUG_INFO = YES;
				ONLY_ACTIVE_ARCH = YES;
				SDKROOT = iphoneos;
			};
			name = Debug;
		};
		289B5C231B053ABA00F7CAAB /* Release */ = {
			isa = XCBuildConfiguration;
			buildSettings = {
				ALWAYS_SEARCH_USER_PATHS = NO;
				CLANG_CXX_LANGUAGE_STANDARD = "gnu++0x";
				CLANG_CXX_LIBRARY = "libc++";
				CLANG_ENABLE_MODULES = YES;
				CLANG_ENABLE_OBJC_ARC = YES;
				CLANG_WARN_BOOL_CONVERSION = YES;
				CLANG_WARN_CONSTANT_CONVERSION = YES;
				CLANG_WARN_DIRECT_OBJC_ISA_USAGE = YES_ERROR;
				CLANG_WARN_EMPTY_BODY = YES;
				CLANG_WARN_ENUM_CONVERSION = YES;
				CLANG_WARN_INT_CONVERSION = YES;
				CLANG_WARN_OBJC_ROOT_CLASS = YES_ERROR;
				CLANG_WARN_UNREACHABLE_CODE = YES;
				CLANG_WARN__DUPLICATE_METHOD_MATCH = YES;
				"CODE_SIGN_IDENTITY[sdk=iphoneos*]" = "iPhone Developer";
				COPY_PHASE_STRIP = NO;
				DEBUG_INFORMATION_FORMAT = "dwarf-with-dsym";
				ENABLE_NS_ASSERTIONS = NO;
				ENABLE_STRICT_OBJC_MSGSEND = YES;
				GCC_C_LANGUAGE_STANDARD = gnu99;
				GCC_NO_COMMON_BLOCKS = YES;
				GCC_WARN_64_TO_32_BIT_CONVERSION = YES;
				GCC_WARN_ABOUT_RETURN_TYPE = YES_ERROR;
				GCC_WARN_UNDECLARED_SELECTOR = YES;
				GCC_WARN_UNINITIALIZED_AUTOS = YES_AGGRESSIVE;
				GCC_WARN_UNUSED_FUNCTION = YES;
				GCC_WARN_UNUSED_VARIABLE = YES;
				IPHONEOS_DEPLOYMENT_TARGET = 8.3;
				MTL_ENABLE_DEBUG_INFO = NO;
				SDKROOT = iphoneos;
				VALIDATE_PRODUCT = YES;
			};
			name = Release;
		};
		289B5C251B053ABA00F7CAAB /* Debug */ = {
			isa = XCBuildConfiguration;
			buildSettings = {
				ASSETCATALOG_COMPILER_APPICON_NAME = AppIcon;
				FRAMEWORK_SEARCH_PATHS = (
					"$(inherited)",
					"$(PROJECT_DIR)",
					"$(PROJECT_DIR)/Pods/parse-library-1",
				);
				INFOPLIST_FILE = AnyWalls/Info.plist;
				LD_RUNPATH_SEARCH_PATHS = "$(inherited) @executable_path/Frameworks";
				PRODUCT_NAME = "$(TARGET_NAME)";
			};
			name = Debug;
		};
		289B5C261B053ABA00F7CAAB /* Release */ = {
			isa = XCBuildConfiguration;
			buildSettings = {
				ASSETCATALOG_COMPILER_APPICON_NAME = AppIcon;
				FRAMEWORK_SEARCH_PATHS = (
					"$(inherited)",
					"$(PROJECT_DIR)",
					"$(PROJECT_DIR)/Pods/parse-library-1",
				);
				INFOPLIST_FILE = AnyWalls/Info.plist;
				LD_RUNPATH_SEARCH_PATHS = "$(inherited) @executable_path/Frameworks";
				PRODUCT_NAME = "$(TARGET_NAME)";
			};
			name = Release;
		};
		289B5C281B053ABA00F7CAAB /* Debug */ = {
			isa = XCBuildConfiguration;
			baseConfigurationReference = D634889314E9A1A959D6FB2E /* Pods-AnyWallsTests.debug.xcconfig */;
			buildSettings = {
				BUNDLE_LOADER = "$(TEST_HOST)";
				FRAMEWORK_SEARCH_PATHS = (
					"$(SDKROOT)/Developer/Library/Frameworks",
					"$(inherited)",
				);
				GCC_PREPROCESSOR_DEFINITIONS = (
					"DEBUG=1",
					"$(inherited)",
				);
				INFOPLIST_FILE = AnyWallsTests/Info.plist;
				LD_RUNPATH_SEARCH_PATHS = "$(inherited) @executable_path/Frameworks @loader_path/Frameworks";
				PRODUCT_NAME = "$(TARGET_NAME)";
				TEST_HOST = "$(BUILT_PRODUCTS_DIR)/AnyWalls.app/AnyWalls";
			};
			name = Debug;
		};
		289B5C291B053ABA00F7CAAB /* Release */ = {
			isa = XCBuildConfiguration;
			baseConfigurationReference = EBBDA9A9D02F2F46EE4C3298 /* Pods-AnyWallsTests.release.xcconfig */;
			buildSettings = {
				BUNDLE_LOADER = "$(TEST_HOST)";
				FRAMEWORK_SEARCH_PATHS = (
					"$(SDKROOT)/Developer/Library/Frameworks",
					"$(inherited)",
				);
				INFOPLIST_FILE = AnyWallsTests/Info.plist;
				LD_RUNPATH_SEARCH_PATHS = "$(inherited) @executable_path/Frameworks @loader_path/Frameworks";
				PRODUCT_NAME = "$(TARGET_NAME)";
				TEST_HOST = "$(BUILT_PRODUCTS_DIR)/AnyWalls.app/AnyWalls";
			};
			name = Release;
		};
/* End XCBuildConfiguration section */

/* Begin XCConfigurationList section */
		289B5BFC1B053ABA00F7CAAB /* Build configuration list for PBXProject "AnyWalls" */ = {
			isa = XCConfigurationList;
			buildConfigurations = (
				289B5C221B053ABA00F7CAAB /* Debug */,
				289B5C231B053ABA00F7CAAB /* Release */,
			);
			defaultConfigurationIsVisible = 0;
			defaultConfigurationName = Release;
		};
		289B5C241B053ABA00F7CAAB /* Build configuration list for PBXNativeTarget "AnyWalls" */ = {
			isa = XCConfigurationList;
			buildConfigurations = (
				289B5C251B053ABA00F7CAAB /* Debug */,
				289B5C261B053ABA00F7CAAB /* Release */,
			);
			defaultConfigurationIsVisible = 0;
			defaultConfigurationName = Release;
		};
		289B5C271B053ABA00F7CAAB /* Build configuration list for PBXNativeTarget "AnyWallsTests" */ = {
			isa = XCConfigurationList;
			buildConfigurations = (
				289B5C281B053ABA00F7CAAB /* Debug */,
				289B5C291B053ABA00F7CAAB /* Release */,
			);
			defaultConfigurationIsVisible = 0;
			defaultConfigurationName = Release;
		};
/* End XCConfigurationList section */
	};
	rootObject = 289B5BF91B053ABA00F7CAAB /* Project object */;
}
